{
  "name": "shared",
  "version": "1.0.0",
  "lockfileVersion": 1,
  "requires": true,
  "dependencies": {
    "@commercetools/api-request-builder": {
      "version": "5.6.1",
      "resolved": "https://registry.npmjs.org/@commercetools/api-request-builder/-/api-request-builder-5.6.1.tgz",
      "integrity": "sha512-T7Y2Szfs43HkGFCi20nwBT9XRrZEr6e1kbp2rQYpw7sQLcLU6fIGraWrihXZvkLMar246X6tFHFBO5c5koXSKw=="
    },
    "@commercetools/sdk-client": {
      "version": "2.1.2",
      "resolved": "https://registry.npmjs.org/@commercetools/sdk-client/-/sdk-client-2.1.2.tgz",
      "integrity": "sha512-YPpK39pkjfedjS1/BFg2d7CrvTeN7vIS5vfiqEkKOtAoUxiNkugv59gRSoh2Em8SOccxyM/skpgHyTqfmJzXug=="
    },
    "@commercetools/sdk-middleware-auth": {
      "version": "6.1.4",
      "resolved": "https://registry.npmjs.org/@commercetools/sdk-middleware-auth/-/sdk-middleware-auth-6.1.4.tgz",
      "integrity": "sha512-49R1DWsA+pNHH7/2K6QU5wnJSXabljKA8dvzs5HcbLwutlDp3Io0XHgIJa9qpfYhgW6k0h9dPICcLbESrQBXYw==",
      "requires": {
        "node-fetch": "^2.3.0"
      }
    },
    "@commercetools/sdk-middleware-http": {
      "version": "6.0.7",
      "resolved": "https://registry.npmjs.org/@commercetools/sdk-middleware-http/-/sdk-middleware-http-6.0.7.tgz",
      "integrity": "sha512-+SCSGyqH178DxuL/Lk86xzFS2aygNjLKSCLdwZpAJayWe9nU7XsO9ICdkjw43C+gOYKzqCW7JZREfTUPqjRILg=="
    },
    "@commercetools/sdk-middleware-queue": {
      "version": "2.1.4",
      "resolved": "https://registry.npmjs.org/@commercetools/sdk-middleware-queue/-/sdk-middleware-queue-2.1.4.tgz",
      "integrity": "sha512-8TxeUb+jdSemUt/wd9hEcPl2uK2sTRPd5BEwXzOYAlyQJBXMMju2GMo5ASDWz7xjKLoijEuY86Jo7D9JSP8DPQ=="
    },
    "lodash": {
      "version": "4.17.21",
      "resolved": "https://registry.npmjs.org/lodash/-/lodash-4.17.21.tgz",
      "integrity": "sha512-v2kDEe57lecTulaDIuNTPy3Ry4gLGJ6Z1O3vE1krgXZNrsQ+LFTGHVxVjcXPs17LhbZVGedAJv8XZ1tvj5FvSg=="
    },
    "node-fetch": {
      "version": "2.6.0",
      "resolved": "https://registry.npmjs.org/node-fetch/-/node-fetch-2.6.0.tgz",
      "integrity": "sha512-8dG4H5ujfvFiqDmVu9fQ5bOHUC15JMjMY/Zumv26oOvvVJjM67KF8koCWIabKQ1GJIa9r2mMZscBq/TbdOcmNA=="
    }
  }
}
